// !$*UTF8*$!
{
	archiveVersion = 1;
	classes = {
	};
	objectVersion = 55;
	objects = {

/* Begin PBXBuildFile section */
		2D0307C02874E35F00B31DD5 /* AppDelegate.swift in Sources */ = {isa = PBXBuildFile; fileRef = 2D0307BF2874E35F00B31DD5 /* AppDelegate.swift */; };
		2D0307C72874E35F00B31DD5 /* Main.storyboard in Resources */ = {isa = PBXBuildFile; fileRef = 2D0307C52874E35F00B31DD5 /* Main.storyboard */; };
		2D0307C92874E36400B31DD5 /* Assets.xcassets in Resources */ = {isa = PBXBuildFile; fileRef = 2D0307C82874E36400B31DD5 /* Assets.xcassets */; };
		2D0307CC2874E36400B31DD5 /* LaunchScreen.storyboard in Resources */ = {isa = PBXBuildFile; fileRef = 2D0307CA2874E36400B31DD5 /* LaunchScreen.storyboard */; };
		2D0307DA2874E49700B31DD5 /* NSAttributedSring+Size.swift in Sources */ = {isa = PBXBuildFile; fileRef = 2D0307D72874E49700B31DD5 /* NSAttributedSring+Size.swift */; };
		2D0307DB2874E49700B31DD5 /* UIView+ShadowCornerRadius.swift in Sources */ = {isa = PBXBuildFile; fileRef = 2D0307D82874E49700B31DD5 /* UIView+ShadowCornerRadius.swift */; };
		2D0307DC2874E49700B31DD5 /* TextFormatter.swift in Sources */ = {isa = PBXBuildFile; fileRef = 2D0307D92874E49700B31DD5 /* TextFormatter.swift */; };
		2D0307DE2874E4E900B31DD5 /* Storage.swift in Sources */ = {isa = PBXBuildFile; fileRef = 2D0307DD2874E4E900B31DD5 /* Storage.swift */; };
		2D0307E12874E54600B31DD5 /* Product.swift in Sources */ = {isa = PBXBuildFile; fileRef = 2D0307E02874E54600B31DD5 /* Product.swift */; };
		2D0307E72874E67500B31DD5 /* ProductsCollectionViewController.swift in Sources */ = {isa = PBXBuildFile; fileRef = 2D0307E22874E67400B31DD5 /* ProductsCollectionViewController.swift */; };
		2D0307E82874E67500B31DD5 /* ProductCollectionViewCell.swift in Sources */ = {isa = PBXBuildFile; fileRef = 2D0307E42874E67400B31DD5 /* ProductCollectionViewCell.swift */; };
		2D0307E92874E67500B31DD5 /* ProductsCollectionViewController+Delegate.swift in Sources */ = {isa = PBXBuildFile; fileRef = 2D0307E52874E67400B31DD5 /* ProductsCollectionViewController+Delegate.swift */; };
		2D0307EA2874E67500B31DD5 /* ProductsCollectionViewController+DataSource.swift in Sources */ = {isa = PBXBuildFile; fileRef = 2D0307E62874E67400B31DD5 /* ProductsCollectionViewController+DataSource.swift */; };
		2D0307EE2874EB2C00B31DD5 /* ProductDetailViewController.swift in Sources */ = {isa = PBXBuildFile; fileRef = 2D0307ED2874EB2C00B31DD5 /* ProductDetailViewController.swift */; };
		2D0307F52874EC6400B31DD5 /* converse_obj.mtl in Resources */ = {isa = PBXBuildFile; fileRef = 2D0307F02874EC6400B31DD5 /* converse_obj.mtl */; };
		2D0307F62874EC6400B31DD5 /* converse_bump.jpg in Resources */ = {isa = PBXBuildFile; fileRef = 2D0307F12874EC6400B31DD5 /* converse_bump.jpg */; };
		2D0307F72874EC6400B31DD5 /* converse.jpg in Resources */ = {isa = PBXBuildFile; fileRef = 2D0307F22874EC6400B31DD5 /* converse.jpg */; };
		2D0307F82874EC6400B31DD5 /* converse_obj.obj in Resources */ = {isa = PBXBuildFile; fileRef = 2D0307F32874EC6400B31DD5 /* converse_obj.obj */; };
		2D0307F92874EC6400B31DD5 /* laces.jpg in Resources */ = {isa = PBXBuildFile; fileRef = 2D0307F42874EC6400B31DD5 /* laces.jpg */; };
/* End PBXBuildFile section */

/* Begin PBXFileReference section */
		2D0307BC2874E35F00B31DD5 /* embedded-3d-shop.app */ = {isa = PBXFileReference; explicitFileType = wrapper.application; includeInIndex = 0; path = "embedded-3d-shop.app"; sourceTree = BUILT_PRODUCTS_DIR; };
		2D0307BF2874E35F00B31DD5 /* AppDelegate.swift */ = {isa = PBXFileReference; lastKnownFileType = sourcecode.swift; path = AppDelegate.swift; sourceTree = "<group>"; };
		2D0307C62874E35F00B31DD5 /* Base */ = {isa = PBXFileReference; lastKnownFileType = file.storyboard; name = Base; path = Base.lproj/Main.storyboard; sourceTree = "<group>"; };
		2D0307C82874E36400B31DD5 /* Assets.xcassets */ = {isa = PBXFileReference; lastKnownFileType = folder.assetcatalog; path = Assets.xcassets; sourceTree = "<group>"; };
		2D0307CB2874E36400B31DD5 /* Base */ = {isa = PBXFileReference; lastKnownFileType = file.storyboard; name = Base; path = Base.lproj/LaunchScreen.storyboard; sourceTree = "<group>"; };
		2D0307CD2874E36400B31DD5 /* Info.plist */ = {isa = PBXFileReference; lastKnownFileType = text.plist.xml; path = Info.plist; sourceTree = "<group>"; };
		2D0307D72874E49700B31DD5 /* NSAttributedSring+Size.swift */ = {isa = PBXFileReference; fileEncoding = 4; lastKnownFileType = sourcecode.swift; path = "NSAttributedSring+Size.swift"; sourceTree = "<group>"; };
		2D0307D82874E49700B31DD5 /* UIView+ShadowCornerRadius.swift */ = {isa = PBXFileReference; fileEncoding = 4; lastKnownFileType = sourcecode.swift; path = "UIView+ShadowCornerRadius.swift"; sourceTree = "<group>"; };
		2D0307D92874E49700B31DD5 /* TextFormatter.swift */ = {isa = PBXFileReference; fileEncoding = 4; lastKnownFileType = sourcecode.swift; path = TextFormatter.swift; sourceTree = "<group>"; };
		2D0307DD2874E4E900B31DD5 /* Storage.swift */ = {isa = PBXFileReference; fileEncoding = 4; lastKnownFileType = sourcecode.swift; path = Storage.swift; sourceTree = "<group>"; };
		2D0307E02874E54600B31DD5 /* Product.swift */ = {isa = PBXFileReference; fileEncoding = 4; lastKnownFileType = sourcecode.swift; path = Product.swift; sourceTree = "<group>"; };
		2D0307E22874E67400B31DD5 /* ProductsCollectionViewController.swift */ = {isa = PBXFileReference; fileEncoding = 4; lastKnownFileType = sourcecode.swift; path = ProductsCollectionViewController.swift; sourceTree = "<group>"; };
		2D0307E42874E67400B31DD5 /* ProductCollectionViewCell.swift */ = {isa = PBXFileReference; fileEncoding = 4; lastKnownFileType = sourcecode.swift; path = ProductCollectionViewCell.swift; sourceTree = "<group>"; };
		2D0307E52874E67400B31DD5 /* ProductsCollectionViewController+Delegate.swift */ = {isa = PBXFileReference; fileEncoding = 4; lastKnownFileType = sourcecode.swift; path = "ProductsCollectionViewController+Delegate.swift"; sourceTree = "<group>"; };
		2D0307E62874E67400B31DD5 /* ProductsCollectionViewController+DataSource.swift */ = {isa = PBXFileReference; fileEncoding = 4; lastKnownFileType = sourcecode.swift; path = "ProductsCollectionViewController+DataSource.swift"; sourceTree = "<group>"; };
		2D0307ED2874EB2C00B31DD5 /* ProductDetailViewController.swift */ = {isa = PBXFileReference; fileEncoding = 4; lastKnownFileType = sourcecode.swift; path = ProductDetailViewController.swift; sourceTree = "<group>"; };
		2D0307F02874EC6400B31DD5 /* converse_obj.mtl */ = {isa = PBXFileReference; fileEncoding = 4; lastKnownFileType = text; path = converse_obj.mtl; sourceTree = "<group>"; };
		2D0307F12874EC6400B31DD5 /* converse_bump.jpg */ = {isa = PBXFileReference; lastKnownFileType = image.jpeg; path = converse_bump.jpg; sourceTree = "<group>"; };
		2D0307F22874EC6400B31DD5 /* converse.jpg */ = {isa = PBXFileReference; lastKnownFileType = image.jpeg; path = converse.jpg; sourceTree = "<group>"; };
		2D0307F32874EC6400B31DD5 /* converse_obj.obj */ = {isa = PBXFileReference; fileEncoding = 4; lastKnownFileType = text; path = converse_obj.obj; sourceTree = "<group>"; };
		2D0307F42874EC6400B31DD5 /* laces.jpg */ = {isa = PBXFileReference; lastKnownFileType = image.jpeg; path = laces.jpg; sourceTree = "<group>"; };
/* End PBXFileReference section */

/* Begin PBXFrameworksBuildPhase section */
		2D0307B92874E35F00B31DD5 /* Frameworks */ = {
			isa = PBXFrameworksBuildPhase;
			buildActionMask = 2147483647;
			files = (
			);
			runOnlyForDeploymentPostprocessing = 0;
		};
/* End PBXFrameworksBuildPhase section */

/* Begin PBXGroup section */
		2D0307B32874E35F00B31DD5 = {
			isa = PBXGroup;
			children = (
				2D0307BE2874E35F00B31DD5 /* embedded-3d-shop */,
				2D0307BD2874E35F00B31DD5 /* Products */,
			);
			sourceTree = "<group>";
		};
		2D0307BD2874E35F00B31DD5 /* Products */ = {
			isa = PBXGroup;
			children = (
				2D0307BC2874E35F00B31DD5 /* embedded-3d-shop.app */,
			);
			name = Products;
			sourceTree = "<group>";
		};
		2D0307BE2874E35F00B31DD5 /* embedded-3d-shop */ = {
			isa = PBXGroup;
			children = (
				2D0307FA2874EED300B31DD5 /* SupportFiles */,
				2D0307EB2874E8D300B31DD5 /* Resources */,
				2D0307D62874E45F00B31DD5 /* Storage */,
				2D0307D52874E45900B31DD5 /* Extensions */,
				2D0307D42874E45000B31DD5 /* ProductsList */,
				2D0307D32874E3DE00B31DD5 /* Detail */,
				2D0307C52874E35F00B31DD5 /* Main.storyboard */,
				2D0307CA2874E36400B31DD5 /* LaunchScreen.storyboard */,
				2D0307CD2874E36400B31DD5 /* Info.plist */,
			);
			path = "embedded-3d-shop";
			sourceTree = "<group>";
		};
		2D0307D32874E3DE00B31DD5 /* Detail */ = {
			isa = PBXGroup;
			children = (
				2D0307ED2874EB2C00B31DD5 /* ProductDetailViewController.swift */,
			);
			path = Detail;
			sourceTree = "<group>";
		};
		2D0307D42874E45000B31DD5 /* ProductsList */ = {
			isa = PBXGroup;
			children = (
				2D0307E32874E67400B31DD5 /* Cells */,
				2D0307E22874E67400B31DD5 /* ProductsCollectionViewController.swift */,
				2D0307E62874E67400B31DD5 /* ProductsCollectionViewController+DataSource.swift */,
				2D0307E52874E67400B31DD5 /* ProductsCollectionViewController+Delegate.swift */,
				2D0307DF2874E53000B31DD5 /* Models */,
			);
			path = ProductsList;
			sourceTree = "<group>";
		};
		2D0307D52874E45900B31DD5 /* Extensions */ = {
			isa = PBXGroup;
			children = (
				2D0307D72874E49700B31DD5 /* NSAttributedSring+Size.swift */,
				2D0307D92874E49700B31DD5 /* TextFormatter.swift */,
				2D0307D82874E49700B31DD5 /* UIView+ShadowCornerRadius.swift */,
			);
			path = Extensions;
			sourceTree = "<group>";
		};
		2D0307D62874E45F00B31DD5 /* Storage */ = {
			isa = PBXGroup;
			children = (
				2D0307DD2874E4E900B31DD5 /* Storage.swift */,
			);
			name = Storage;
			sourceTree = "<group>";
		};
		2D0307DF2874E53000B31DD5 /* Models */ = {
			isa = PBXGroup;
			children = (
				2D0307E02874E54600B31DD5 /* Product.swift */,
			);
			path = Models;
			sourceTree = "<group>";
		};
		2D0307E32874E67400B31DD5 /* Cells */ = {
			isa = PBXGroup;
			children = (
				2D0307E42874E67400B31DD5 /* ProductCollectionViewCell.swift */,
			);
			path = Cells;
			sourceTree = "<group>";
		};
		2D0307EB2874E8D300B31DD5 /* Resources */ = {
			isa = PBXGroup;
			children = (
				2D0307EC2874E99E00B31DD5 /* 3d */,
				2D0307C82874E36400B31DD5 /* Assets.xcassets */,
			);
			path = Resources;
			sourceTree = "<group>";
		};
		2D0307EC2874E99E00B31DD5 /* 3d */ = {
			isa = PBXGroup;
			children = (
				2D0307EF2874EC6400B31DD5 /* converse_model */,
			);
			path = 3d;
			sourceTree = "<group>";
		};
		2D0307EF2874EC6400B31DD5 /* converse_model */ = {
			isa = PBXGroup;
			children = (
				2D0307F02874EC6400B31DD5 /* converse_obj.mtl */,
				2D0307F12874EC6400B31DD5 /* converse_bump.jpg */,
				2D0307F22874EC6400B31DD5 /* converse.jpg */,
				2D0307F32874EC6400B31DD5 /* converse_obj.obj */,
				2D0307F42874EC6400B31DD5 /* laces.jpg */,
			);
			path = converse_model;
			sourceTree = "<group>";
		};
		2D0307FA2874EED300B31DD5 /* SupportFiles */ = {
			isa = PBXGroup;
			children = (
				2D0307BF2874E35F00B31DD5 /* AppDelegate.swift */,
			);
			path = SupportFiles;
			sourceTree = "<group>";
		};
/* End PBXGroup section */

/* Begin PBXNativeTarget section */
		2D0307BB2874E35F00B31DD5 /* embedded-3d-shop */ = {
			isa = PBXNativeTarget;
			buildConfigurationList = 2D0307D02874E36400B31DD5 /* Build configuration list for PBXNativeTarget "embedded-3d-shop" */;
			buildPhases = (
				2D0307B82874E35F00B31DD5 /* Sources */,
				2D0307B92874E35F00B31DD5 /* Frameworks */,
				2D0307BA2874E35F00B31DD5 /* Resources */,
			);
			buildRules = (
			);
			dependencies = (
			);
			name = "embedded-3d-shop";
			productName = "embedded-3d-shop";
			productReference = 2D0307BC2874E35F00B31DD5 /* embedded-3d-shop.app */;
			productType = "com.apple.product-type.application";
		};
/* End PBXNativeTarget section */

/* Begin PBXProject section */
		2D0307B42874E35F00B31DD5 /* Project object */ = {
			isa = PBXProject;
			attributes = {
				BuildIndependentTargetsInParallel = 1;
				LastSwiftUpdateCheck = 1340;
				LastUpgradeCheck = 1340;
				TargetAttributes = {
					2D0307BB2874E35F00B31DD5 = {
						CreatedOnToolsVersion = 13.4;
					};
				};
			};
			buildConfigurationList = 2D0307B72874E35F00B31DD5 /* Build configuration list for PBXProject "embedded-3d-shop" */;
			compatibilityVersion = "Xcode 13.0";
			developmentRegion = en;
			hasScannedForEncodings = 0;
			knownRegions = (
				en,
				Base,
			);
			mainGroup = 2D0307B32874E35F00B31DD5;
			productRefGroup = 2D0307BD2874E35F00B31DD5 /* Products */;
			projectDirPath = "";
			projectRoot = "";
			targets = (
				2D0307BB2874E35F00B31DD5 /* embedded-3d-shop */,
			);
		};
/* End PBXProject section */

/* Begin PBXResourcesBuildPhase section */
		2D0307BA2874E35F00B31DD5 /* Resources */ = {
			isa = PBXResourcesBuildPhase;
			buildActionMask = 2147483647;
			files = (
				2D0307F92874EC6400B31DD5 /* laces.jpg in Resources */,
				2D0307CC2874E36400B31DD5 /* LaunchScreen.storyboard in Resources */,
				2D0307C92874E36400B31DD5 /* Assets.xcassets in Resources */,
				2D0307F72874EC6400B31DD5 /* converse.jpg in Resources */,
				2D0307F62874EC6400B31DD5 /* converse_bump.jpg in Resources */,
				2D0307F52874EC6400B31DD5 /* converse_obj.mtl in Resources */,
				2D0307C72874E35F00B31DD5 /* Main.storyboard in Resources */,
				2D0307F82874EC6400B31DD5 /* converse_obj.obj in Resources */,
			);
			runOnlyForDeploymentPostprocessing = 0;
		};
/* End PBXResourcesBuildPhase section */

/* Begin PBXSourcesBuildPhase section */
		2D0307B82874E35F00B31DD5 /* Sources */ = {
			isa = PBXSourcesBuildPhase;
			buildActionMask = 2147483647;
			files = (
				2D0307E82874E67500B31DD5 /* ProductCollectionViewCell.swift in Sources */,
				2D0307DC2874E49700B31DD5 /* TextFormatter.swift in Sources */,
				2D0307EE2874EB2C00B31DD5 /* ProductDetailViewController.swift in Sources */,
				2D0307EA2874E67500B31DD5 /* ProductsCollectionViewController+DataSource.swift in Sources */,
				2D0307DA2874E49700B31DD5 /* NSAttributedSring+Size.swift in Sources */,
				2D0307DB2874E49700B31DD5 /* UIView+ShadowCornerRadius.swift in Sources */,
				2D0307E92874E67500B31DD5 /* ProductsCollectionViewController+Delegate.swift in Sources */,
				2D0307C02874E35F00B31DD5 /* AppDelegate.swift in Sources */,
				2D0307E12874E54600B31DD5 /* Product.swift in Sources */,
				2D0307E72874E67500B31DD5 /* ProductsCollectionViewController.swift in Sources */,
				2D0307DE2874E4E900B31DD5 /* Storage.swift in Sources */,
			);
			runOnlyForDeploymentPostprocessing = 0;
		};
/* End PBXSourcesBuildPhase section */

/* Begin PBXVariantGroup section */
		2D0307C52874E35F00B31DD5 /* Main.storyboard */ = {
			isa = PBXVariantGroup;
			children = (
				2D0307C62874E35F00B31DD5 /* Base */,
			);
			name = Main.storyboard;
			sourceTree = "<group>";
		};
		2D0307CA2874E36400B31DD5 /* LaunchScreen.storyboard */ = {
			isa = PBXVariantGroup;
			children = (
				2D0307CB2874E36400B31DD5 /* Base */,
			);
			name = LaunchScreen.storyboard;
			sourceTree = "<group>";
		};
/* End PBXVariantGroup section */

/* Begin XCBuildConfiguration section */
		2D0307CE2874E36400B31DD5 /* Debug */ = {
			isa = XCBuildConfiguration;
			buildSettings = {
				ALWAYS_SEARCH_USER_PATHS = NO;
				CLANG_ANALYZER_NONNULL = YES;
				CLANG_ANALYZER_NUMBER_OBJECT_CONVERSION = YES_AGGRESSIVE;
				CLANG_CXX_LANGUAGE_STANDARD = "gnu++17";
				CLANG_ENABLE_MODULES = YES;
				CLANG_ENABLE_OBJC_ARC = YES;
				CLANG_ENABLE_OBJC_WEAK = YES;
				CLANG_WARN_BLOCK_CAPTURE_AUTORELEASING = YES;
				CLANG_WARN_BOOL_CONVERSION = YES;
				CLANG_WARN_COMMA = YES;
				CLANG_WARN_CONSTANT_CONVERSION = YES;
				CLANG_WARN_DEPRECATED_OBJC_IMPLEMENTATIONS = YES;
				CLANG_WARN_DIRECT_OBJC_ISA_USAGE = YES_ERROR;
				CLANG_WARN_DOCUMENTATION_COMMENTS = YES;
				CLANG_WARN_EMPTY_BODY = YES;
				CLANG_WARN_ENUM_CONVERSION = YES;
				CLANG_WARN_INFINITE_RECURSION = YES;
				CLANG_WARN_INT_CONVERSION = YES;
				CLANG_WARN_NON_LITERAL_NULL_CONVERSION = YES;
				CLANG_WARN_OBJC_IMPLICIT_RETAIN_SELF = YES;
				CLANG_WARN_OBJC_LITERAL_CONVERSION = YES;
				CLANG_WARN_OBJC_ROOT_CLASS = YES_ERROR;
				CLANG_WARN_QUOTED_INCLUDE_IN_FRAMEWORK_HEADER = YES;
				CLANG_WARN_RANGE_LOOP_ANALYSIS = YES;
				CLANG_WARN_STRICT_PROTOTYPES = YES;
				CLANG_WARN_SUSPICIOUS_MOVE = YES;
				CLANG_WARN_UNGUARDED_AVAILABILITY = YES_AGGRESSIVE;
				CLANG_WARN_UNREACHABLE_CODE = YES;
				CLANG_WARN__DUPLICATE_METHOD_MATCH = YES;
				COPY_PHASE_STRIP = NO;
				DEBUG_INFORMATION_FORMAT = dwarf;
				ENABLE_STRICT_OBJC_MSGSEND = YES;
				ENABLE_TESTABILITY = YES;
				GCC_C_LANGUAGE_STANDARD = gnu11;
				GCC_DYNAMIC_NO_PIC = NO;
				GCC_NO_COMMON_BLOCKS = YES;
				GCC_OPTIMIZATION_LEVEL = 0;
				GCC_PREPROCESSOR_DEFINITIONS = (
					"DEBUG=1",
					"$(inherited)",
				);
				GCC_WARN_64_TO_32_BIT_CONVERSION = YES;
				GCC_WARN_ABOUT_RETURN_TYPE = YES_ERROR;
				GCC_WARN_UNDECLARED_SELECTOR = YES;
				GCC_WARN_UNINITIALIZED_AUTOS = YES_AGGRESSIVE;
				GCC_WARN_UNUSED_FUNCTION = YES;
				GCC_WARN_UNUSED_VARIABLE = YES;
				IPHONEOS_DEPLOYMENT_TARGET = 15.5;
				MTL_ENABLE_DEBUG_INFO = INCLUDE_SOURCE;
				MTL_FAST_MATH = YES;
				ONLY_ACTIVE_ARCH = YES;
				SDKROOT = iphoneos;
				SWIFT_ACTIVE_COMPILATION_CONDITIONS = DEBUG;
				SWIFT_OPTIMIZATION_LEVEL = "-Onone";
			};
			name = Debug;
		};
		2D0307CF2874E36400B31DD5 /* Release */ = {
			isa = XCBuildConfiguration;
			buildSettings = {
				ALWAYS_SEARCH_USER_PATHS = NO;
				CLANG_ANALYZER_NONNULL = YES;
				CLANG_ANALYZER_NUMBER_OBJECT_CONVERSION = YES_AGGRESSIVE;
				CLANG_CXX_LANGUAGE_STANDARD = "gnu++17";
				CLANG_ENABLE_MODULES = YES;
				CLANG_ENABLE_OBJC_ARC = YES;
				CLANG_ENABLE_OBJC_WEAK = YES;
				CLANG_WARN_BLOCK_CAPTURE_AUTORELEASING = YES;
				CLANG_WARN_BOOL_CONVERSION = YES;
				CLANG_WARN_COMMA = YES;
				CLANG_WARN_CONSTANT_CONVERSION = YES;
				CLANG_WARN_DEPRECATED_OBJC_IMPLEMENTATIONS = YES;
				CLANG_WARN_DIRECT_OBJC_ISA_USAGE = YES_ERROR;
				CLANG_WARN_DOCUMENTATION_COMMENTS = YES;
				CLANG_WARN_EMPTY_BODY = YES;
				CLANG_WARN_ENUM_CONVERSION = YES;
				CLANG_WARN_INFINITE_RECURSION = YES;
				CLANG_WARN_INT_CONVERSION = YES;
				CLANG_WARN_NON_LITERAL_NULL_CONVERSION = YES;
				CLANG_WARN_OBJC_IMPLICIT_RETAIN_SELF = YES;
				CLANG_WARN_OBJC_LITERAL_CONVERSION = YES;
				CLANG_WARN_OBJC_ROOT_CLASS = YES_ERROR;
				CLANG_WARN_QUOTED_INCLUDE_IN_FRAMEWORK_HEADER = YES;
				CLANG_WARN_RANGE_LOOP_ANALYSIS = YES;
				CLANG_WARN_STRICT_PROTOTYPES = YES;
				CLANG_WARN_SUSPICIOUS_MOVE = YES;
				CLANG_WARN_UNGUARDED_AVAILABILITY = YES_AGGRESSIVE;
				CLANG_WARN_UNREACHABLE_CODE = YES;
				CLANG_WARN__DUPLICATE_METHOD_MATCH = YES;
				COPY_PHASE_STRIP = NO;
				DEBUG_INFORMATION_FORMAT = "dwarf-with-dsym";
				ENABLE_NS_ASSERTIONS = NO;
				ENABLE_STRICT_OBJC_MSGSEND = YES;
				GCC_C_LANGUAGE_STANDARD = gnu11;
				GCC_NO_COMMON_BLOCKS = YES;
				GCC_WARN_64_TO_32_BIT_CONVERSION = YES;
				GCC_WARN_ABOUT_RETURN_TYPE = YES_ERROR;
				GCC_WARN_UNDECLARED_SELECTOR = YES;
				GCC_WARN_UNINITIALIZED_AUTOS = YES_AGGRESSIVE;
				GCC_WARN_UNUSED_FUNCTION = YES;
				GCC_WARN_UNUSED_VARIABLE = YES;
				IPHONEOS_DEPLOYMENT_TARGET = 15.5;
				MTL_ENABLE_DEBUG_INFO = NO;
				MTL_FAST_MATH = YES;
				SDKROOT = iphoneos;
				SWIFT_COMPILATION_MODE = wholemodule;
				SWIFT_OPTIMIZATION_LEVEL = "-O";
				VALIDATE_PRODUCT = YES;
			};
			name = Release;
		};
		2D0307D12874E36400B31DD5 /* Debug */ = {
			isa = XCBuildConfiguration;
			buildSettings = {
				ASSETCATALOG_COMPILER_APPICON_NAME = AppIcon;
				ASSETCATALOG_COMPILER_GLOBAL_ACCENT_COLOR_NAME = AccentColor;
				CODE_SIGN_STYLE = Automatic;
				CURRENT_PROJECT_VERSION = 1;
				DEVELOPMENT_TEAM = D8W9RJFTST;
				GENERATE_INFOPLIST_FILE = YES;
				INFOPLIST_FILE = "embedded-3d-shop/Info.plist";
				INFOPLIST_KEY_UIApplicationSupportsIndirectInputEvents = YES;
				INFOPLIST_KEY_UILaunchStoryboardName = LaunchScreen;
				INFOPLIST_KEY_UIMainStoryboardFile = Main;
				INFOPLIST_KEY_UISupportedInterfaceOrientations_iPad = "UIInterfaceOrientationPortrait UIInterfaceOrientationPortraitUpsideDown UIInterfaceOrientationLandscapeLeft UIInterfaceOrientationLandscapeRight";
				INFOPLIST_KEY_UISupportedInterfaceOrientations_iPhone = "UIInterfaceOrientationPortrait UIInterfaceOrientationLandscapeLeft UIInterfaceOrientationLandscapeRight";
				LD_RUNPATH_SEARCH_PATHS = (
					"$(inherited)",
					"@executable_path/Frameworks",
				);
				MARKETING_VERSION = 1.0;
				PRODUCT_BUNDLE_IDENTIFIER = "grunenkov.embedded-3d-shop";
				PRODUCT_NAME = "$(TARGET_NAME)";
				SWIFT_EMIT_LOC_STRINGS = YES;
				SWIFT_VERSION = 5.0;
				TARGETED_DEVICE_FAMILY = "1,2";
			};
			name = Debug;
		};
		2D0307D22874E36400B31DD5 /* Release */ = {
			isa = XCBuildConfiguration;
			buildSettings = {
				ASSETCATALOG_COMPILER_APPICON_NAME = AppIcon;
				ASSETCATALOG_COMPILER_GLOBAL_ACCENT_COLOR_NAME = AccentColor;
				CODE_SIGN_STYLE = Automatic;
				CURRENT_PROJECT_VERSION = 1;
				DEVELOPMENT_TEAM = D8W9RJFTST;
				GENERATE_INFOPLIST_FILE = YES;
				INFOPLIST_FILE = "embedded-3d-shop/Info.plist";
				INFOPLIST_KEY_UIApplicationSupportsIndirectInputEvents = YES;
				INFOPLIST_KEY_UILaunchStoryboardName = LaunchScreen;
				INFOPLIST_KEY_UIMainStoryboardFile = Main;
				INFOPLIST_KEY_UISupportedInterfaceOrientations_iPad = "UIInterfaceOrientationPortrait UIInterfaceOrientationPortraitUpsideDown UIInterfaceOrientationLandscapeLeft UIInterfaceOrientationLandscapeRight";
				INFOPLIST_KEY_UISupportedInterfaceOrientations_iPhone = "UIInterfaceOrientationPortrait UIInterfaceOrientationLandscapeLeft UIInterfaceOrientationLandscapeRight";
				LD_RUNPATH_SEARCH_PATHS = (
					"$(inherited)",
					"@executable_path/Frameworks",
				);
				MARKETING_VERSION = 1.0;
				PRODUCT_BUNDLE_IDENTIFIER = "grunenkov.embedded-3d-shop";
				PRODUCT_NAME = "$(TARGET_NAME)";
				SWIFT_EMIT_LOC_STRINGS = YES;
				SWIFT_VERSION = 5.0;
				TARGETED_DEVICE_FAMILY = "1,2";
			};
			name = Release;
		};
/* End XCBuildConfiguration section */

/* Begin XCConfigurationList section */
		2D0307B72874E35F00B31DD5 /* Build configuration list for PBXProject "embedded-3d-shop" */ = {
			isa = XCConfigurationList;
			buildConfigurations = (
				2D0307CE2874E36400B31DD5 /* Debug */,
				2D0307CF2874E36400B31DD5 /* Release */,
			);
			defaultConfigurationIsVisible = 0;
			defaultConfigurationName = Release;
		};
		2D0307D02874E36400B31DD5 /* Build configuration list for PBXNativeTarget "embedded-3d-shop" */ = {
			isa = XCConfigurationList;
			buildConfigurations = (
				2D0307D12874E36400B31DD5 /* Debug */,
				2D0307D22874E36400B31DD5 /* Release */,
			);
			defaultConfigurationIsVisible = 0;
			defaultConfigurationName = Release;
		};
/* End XCConfigurationList section */
	};
	rootObject = 2D0307B42874E35F00B31DD5 /* Project object */;
}
